
Microsoft Visual Studio Solution File, Format Version 12.00
# Visual Studio 15
VisualStudioVersion = 15.0.28307.645
MinimumVisualStudioVersion = 10.0.40219.1
Project("{FAE04EC0-301F-11D3-BF4B-00C04F79EFBC}") = "ModEmpleado", "ModEmpleado\ModEmpleado.csproj", "{CA994C87-EDDB-4781-9B37-A3BD96F6C963}"
EndProject
Global
	GlobalSection(SolutionConfigurationPlatforms) = preSolution
		Debug|Any CPU = Debug|Any CPU
		Release|Any CPU = Release|Any CPU
	EndGlobalSection
	GlobalSection(ProjectConfigurationPlatforms) = postSolution
		{CA994C87-EDDB-4781-9B37-A3BD96F6C963}.Debug|Any CPU.ActiveCfg = Debug|Any CPU
		{CA994C87-EDDB-4781-9B37-A3BD96F6C963}.Debug|Any CPU.Build.0 = Debug|Any CPU
		{CA994C87-EDDB-4781-9B37-A3BD96F6C963}.Release|Any CPU.ActiveCfg = Release|Any CPU
		{CA994C87-EDDB-4781-9B37-A3BD96F6C963}.Release|Any CPU.Build.0 = Release|Any CPU
	EndGlobalSection
	GlobalSection(SolutionProperties) = preSolution
		HideSolutionNode = FALSE
	EndGlobalSection
	GlobalSection(ExtensibilityGlobals) = postSolution
		SolutionGuid = {E7B48E73-ADB3-465B-9EDC-3585D8218032}
	EndGlobalSection
EndGlobal
